
Microsoft Visual Studio Solution File, Format Version 12.00
# Visual Studio 15
VisualStudioVersion = 15.0.28010.2048
MinimumVisualStudioVersion = 10.0.40219.1
Project("{FAE04EC0-301F-11D3-BF4B-00C04F79EFBC}") = "DisconnectedModel1", "DisconnectedModel1\DisconnectedModel1.csproj", "{88F4AF2C-F533-495B-900E-AB2BD7C096DE}"
EndProject
Global
	GlobalSection(SolutionConfigurationPlatforms) = preSolution
		Debug|Any CPU = Debug|Any CPU
		Release|Any CPU = Release|Any CPU
	EndGlobalSection
	GlobalSection(ProjectConfigurationPlatforms) = postSolution
		{88F4AF2C-F533-495B-900E-AB2BD7C096DE}.Debug|Any CPU.ActiveCfg = Debug|Any CPU
		{88F4AF2C-F533-495B-900E-AB2BD7C096DE}.Debug|Any CPU.Build.0 = Debug|Any CPU
		{88F4AF2C-F533-495B-900E-AB2BD7C096DE}.Release|Any CPU.ActiveCfg = Release|Any CPU
		{88F4AF2C-F533-495B-900E-AB2BD7C096DE}.Release|Any CPU.Build.0 = Release|Any CPU
	EndGlobalSection
	GlobalSection(SolutionProperties) = preSolution
		HideSolutionNode = FALSE
	EndGlobalSection
	GlobalSection(ExtensibilityGlobals) = postSolution
		SolutionGuid = {4A9E9754-664D-40EA-BA46-6CA4D8AD0B5A}
	EndGlobalSection
EndGlobal
