
Microsoft Visual Studio Solution File, Format Version 12.00
# Visual Studio 15
VisualStudioVersion = 15.0.28010.2048
MinimumVisualStudioVersion = 10.0.40219.1
Project("{FAE04EC0-301F-11D3-BF4B-00C04F79EFBC}") = "Week9.1-ThreadExample2", "Week9.1-ThreadExample2\Week9.1-ThreadExample2.csproj", "{C58814BD-7DFA-4E6F-AAD8-85C229A860DD}"
EndProject
Global
	GlobalSection(SolutionConfigurationPlatforms) = preSolution
		Debug|Any CPU = Debug|Any CPU
		Release|Any CPU = Release|Any CPU
	EndGlobalSection
	GlobalSection(ProjectConfigurationPlatforms) = postSolution
		{C58814BD-7DFA-4E6F-AAD8-85C229A860DD}.Debug|Any CPU.ActiveCfg = Debug|Any CPU
		{C58814BD-7DFA-4E6F-AAD8-85C229A860DD}.Debug|Any CPU.Build.0 = Debug|Any CPU
		{C58814BD-7DFA-4E6F-AAD8-85C229A860DD}.Release|Any CPU.ActiveCfg = Release|Any CPU
		{C58814BD-7DFA-4E6F-AAD8-85C229A860DD}.Release|Any CPU.Build.0 = Release|Any CPU
	EndGlobalSection
	GlobalSection(SolutionProperties) = preSolution
		HideSolutionNode = FALSE
	EndGlobalSection
	GlobalSection(ExtensibilityGlobals) = postSolution
		SolutionGuid = {4010883B-33AC-4241-851A-DC9BC3FB3F12}
	EndGlobalSection
EndGlobal
