
Microsoft Visual Studio Solution File, Format Version 12.00
# Visual Studio 15
VisualStudioVersion = 15.0.28010.2048
MinimumVisualStudioVersion = 10.0.40219.1
Project("{FAE04EC0-301F-11D3-BF4B-00C04F79EFBC}") = "Nguyen_VanHa_Assignment1", "Nguyen_VanHa_Assignment1\Nguyen_VanHa_Assignment1.csproj", "{A03B03E6-F917-42A7-AB93-64BC150F41E1}"
EndProject
Global
	GlobalSection(SolutionConfigurationPlatforms) = preSolution
		Debug|Any CPU = Debug|Any CPU
		Release|Any CPU = Release|Any CPU
	EndGlobalSection
	GlobalSection(ProjectConfigurationPlatforms) = postSolution
		{A03B03E6-F917-42A7-AB93-64BC150F41E1}.Debug|Any CPU.ActiveCfg = Debug|Any CPU
		{A03B03E6-F917-42A7-AB93-64BC150F41E1}.Debug|Any CPU.Build.0 = Debug|Any CPU
		{A03B03E6-F917-42A7-AB93-64BC150F41E1}.Release|Any CPU.ActiveCfg = Release|Any CPU
		{A03B03E6-F917-42A7-AB93-64BC150F41E1}.Release|Any CPU.Build.0 = Release|Any CPU
	EndGlobalSection
	GlobalSection(SolutionProperties) = preSolution
		HideSolutionNode = FALSE
	EndGlobalSection
	GlobalSection(ExtensibilityGlobals) = postSolution
		SolutionGuid = {0743AD80-7CD7-4A7B-A455-5B088185D49F}
	EndGlobalSection
EndGlobal
